
Microsoft Visual Studio Solution File, Format Version 12.00
# Visual Studio Version 16
VisualStudioVersion = 16.0.30011.22
MinimumVisualStudioVersion = 10.0.40219.1
Project("{FAE04EC0-301F-11D3-BF4B-00C04F79EFBC}") = "02_SOLID", "SOLID\02_SOLID.csproj", "{11980792-9DA9-4A01-9DDC-4769622DC980}"
EndProject
Project("{FAE04EC0-301F-11D3-BF4B-00C04F79EFBC}") = "Builder", "Builder\Builder.csproj", "{2DB48266-6773-4288-80C2-89B72578D760}"
EndProject
Project("{FAE04EC0-301F-11D3-BF4B-00C04F79EFBC}") = "Factories", "Factories\Factories.csproj", "{E95B448B-B47A-4F57-8F0D-F6C1E21D0868}"
EndProject
Project("{FAE04EC0-301F-11D3-BF4B-00C04F79EFBC}") = "Prototype", "Prototype\Prototype.csproj", "{5B2E37C0-A3EA-468B-BA0C-7D26F20E8D66}"
EndProject
Project("{FAE04EC0-301F-11D3-BF4B-00C04F79EFBC}") = "Singleton", "Singleton\Singleton.csproj", "{DCC35501-D305-450D-AD86-1AFE2E1CBEEE}"
EndProject
Project("{FAE04EC0-301F-11D3-BF4B-00C04F79EFBC}") = "Adapter", "Adapter\Adapter.csproj", "{33D81AF3-89E0-49A0-A3C2-1F1F488409FA}"
EndProject
Project("{FAE04EC0-301F-11D3-BF4B-00C04F79EFBC}") = "Bridge", "Bridge\Bridge.csproj", "{911E3FCD-05D2-437D-9BE6-D4C892F10F88}"
EndProject
Project("{2150E333-8FDC-42A3-9474-1A3956D46DE8}") = "Solution Items", "Solution Items", "{AAB2FFD3-0CC7-4114-AB39-CA358665FA73}"
	ProjectSection(SolutionItems) = preProject
		ReadMe.txt = ReadMe.txt
	EndProjectSection
EndProject
Project("{FAE04EC0-301F-11D3-BF4B-00C04F79EFBC}") = "Test", "Test\Test.csproj", "{46412D2A-B222-459E-9208-66FE4A32C208}"
EndProject
Project("{FAE04EC0-301F-11D3-BF4B-00C04F79EFBC}") = "Nullable", "Nullable\Nullable.csproj", "{6432409C-87AB-4DEC-BE80-B56DED25522F}"
EndProject
Project("{FAE04EC0-301F-11D3-BF4B-00C04F79EFBC}") = "Composite", "Composite\Composite.csproj", "{0698B17C-7761-4DEF-9415-97DB277564FD}"
EndProject
Project("{FAE04EC0-301F-11D3-BF4B-00C04F79EFBC}") = "Command", "Command\Command.csproj", "{83F35451-1C15-47B1-B0DD-EEDEC8CE37C9}"
EndProject
Project("{FAE04EC0-301F-11D3-BF4B-00C04F79EFBC}") = "Interpreter", "Interpreter\Interpreter.csproj", "{DC22F490-B5E8-4086-80C3-4FFF6064B696}"
EndProject
Project("{FAE04EC0-301F-11D3-BF4B-00C04F79EFBC}") = "Decorator", "Decorator\Decorator.csproj", "{03AEB3D7-5DA8-4509-BB31-275632403C92}"
EndProject
Project("{FAE04EC0-301F-11D3-BF4B-00C04F79EFBC}") = "Flyweight", "Flyweight\Flyweight.csproj", "{5035D01D-6075-4077-B3DF-47E8B8B4245C}"
EndProject
Project("{FAE04EC0-301F-11D3-BF4B-00C04F79EFBC}") = "Memento", "Memento\Memento.csproj", "{F2F00220-B6BB-4198-8DF8-8E2123D0C8AC}"
EndProject
Project("{FAE04EC0-301F-11D3-BF4B-00C04F79EFBC}") = "Strategy", "Strategy\Strategy.csproj", "{A23C28C6-F170-4E46-88CF-888BC7D0F7E3}"
EndProject
Project("{FAE04EC0-301F-11D3-BF4B-00C04F79EFBC}") = "Proxy", "Proxy\Proxy.csproj", "{DA86CCF9-D174-4FDB-B324-8E9C05D88CEF}"
EndProject
Project("{FAE04EC0-301F-11D3-BF4B-00C04F79EFBC}") = "Observer", "Observer\Observer.csproj", "{70BE75C4-AF5E-49AB-A10D-72FDC607FDE7}"
EndProject
Project("{FAE04EC0-301F-11D3-BF4B-00C04F79EFBC}") = "State", "State\State.csproj", "{3C51A57F-E772-42C5-BCD6-033A2ACE8D30}"
EndProject
Project("{FAE04EC0-301F-11D3-BF4B-00C04F79EFBC}") = "Visitor", "Visitor\Visitor.csproj", "{8483B4A6-8DE5-4804-AA0D-6A648A1DCFE3}"
EndProject
Project("{FAE04EC0-301F-11D3-BF4B-00C04F79EFBC}") = "TemplateMethod", "TemplateMethod\TemplateMethod.csproj", "{AE1E1D19-C184-4891-990A-A4B353949778}"
EndProject
Project("{9A19103F-16F7-4668-BE54-9A1E7A4F7556}") = "Mediator", "Mediator\Mediator.csproj", "{82445202-9DA4-44B1-A06E-F4B20BD32F28}"
EndProject
Project("{9A19103F-16F7-4668-BE54-9A1E7A4F7556}") = "Iterator", "Iterator\Iterator.csproj", "{913DFEF8-31D8-4F0F-9BE5-E596AF42B29D}"
EndProject
Project("{9A19103F-16F7-4668-BE54-9A1E7A4F7556}") = "ChainOfResponsibility", "ChainOfResponsibility\ChainOfResponsibility.csproj", "{471F4AA4-616E-483D-BE7B-15BAAF371721}"
EndProject
Project("{9A19103F-16F7-4668-BE54-9A1E7A4F7556}") = "Facade", "Facade\Facade.csproj", "{AEEA558C-58B6-420A-B4A3-586976CCFBCC}"
EndProject
Project("{9A19103F-16F7-4668-BE54-9A1E7A4F7556}") = "01_DRY", "01_DRY\01_DRY.csproj", "{B7F2DDE9-BB1F-4BE3-8189-C31C7ECF59F7}"
EndProject
Project("{FAE04EC0-301F-11D3-BF4B-00C04F79EFBC}") = "00_HomeWork", "HomeWork\00_HomeWork.csproj", "{09D08C3C-8EC7-4706-9523-DE783885C4DE}"
EndProject
Global
	GlobalSection(SolutionConfigurationPlatforms) = preSolution
		Debug|Any CPU = Debug|Any CPU
		Release|Any CPU = Release|Any CPU
	EndGlobalSection
	GlobalSection(ProjectConfigurationPlatforms) = postSolution
		{11980792-9DA9-4A01-9DDC-4769622DC980}.Debug|Any CPU.ActiveCfg = Debug|Any CPU
		{11980792-9DA9-4A01-9DDC-4769622DC980}.Debug|Any CPU.Build.0 = Debug|Any CPU
		{11980792-9DA9-4A01-9DDC-4769622DC980}.Release|Any CPU.ActiveCfg = Release|Any CPU
		{11980792-9DA9-4A01-9DDC-4769622DC980}.Release|Any CPU.Build.0 = Release|Any CPU
		{2DB48266-6773-4288-80C2-89B72578D760}.Debug|Any CPU.ActiveCfg = Debug|Any CPU
		{2DB48266-6773-4288-80C2-89B72578D760}.Debug|Any CPU.Build.0 = Debug|Any CPU
		{2DB48266-6773-4288-80C2-89B72578D760}.Release|Any CPU.ActiveCfg = Release|Any CPU
		{2DB48266-6773-4288-80C2-89B72578D760}.Release|Any CPU.Build.0 = Release|Any CPU
		{E95B448B-B47A-4F57-8F0D-F6C1E21D0868}.Debug|Any CPU.ActiveCfg = Debug|Any CPU
		{E95B448B-B47A-4F57-8F0D-F6C1E21D0868}.Debug|Any CPU.Build.0 = Debug|Any CPU
		{E95B448B-B47A-4F57-8F0D-F6C1E21D0868}.Release|Any CPU.ActiveCfg = Release|Any CPU
		{E95B448B-B47A-4F57-8F0D-F6C1E21D0868}.Release|Any CPU.Build.0 = Release|Any CPU
		{5B2E37C0-A3EA-468B-BA0C-7D26F20E8D66}.Debug|Any CPU.ActiveCfg = Debug|Any CPU
		{5B2E37C0-A3EA-468B-BA0C-7D26F20E8D66}.Debug|Any CPU.Build.0 = Debug|Any CPU
		{5B2E37C0-A3EA-468B-BA0C-7D26F20E8D66}.Release|Any CPU.ActiveCfg = Release|Any CPU
		{5B2E37C0-A3EA-468B-BA0C-7D26F20E8D66}.Release|Any CPU.Build.0 = Release|Any CPU
		{DCC35501-D305-450D-AD86-1AFE2E1CBEEE}.Debug|Any CPU.ActiveCfg = Debug|Any CPU
		{DCC35501-D305-450D-AD86-1AFE2E1CBEEE}.Debug|Any CPU.Build.0 = Debug|Any CPU
		{DCC35501-D305-450D-AD86-1AFE2E1CBEEE}.Release|Any CPU.ActiveCfg = Release|Any CPU
		{DCC35501-D305-450D-AD86-1AFE2E1CBEEE}.Release|Any CPU.Build.0 = Release|Any CPU
		{33D81AF3-89E0-49A0-A3C2-1F1F488409FA}.Debug|Any CPU.ActiveCfg = Debug|Any CPU
		{33D81AF3-89E0-49A0-A3C2-1F1F488409FA}.Debug|Any CPU.Build.0 = Debug|Any CPU
		{33D81AF3-89E0-49A0-A3C2-1F1F488409FA}.Release|Any CPU.ActiveCfg = Release|Any CPU
		{33D81AF3-89E0-49A0-A3C2-1F1F488409FA}.Release|Any CPU.Build.0 = Release|Any CPU
		{911E3FCD-05D2-437D-9BE6-D4C892F10F88}.Debug|Any CPU.ActiveCfg = Debug|Any CPU
		{911E3FCD-05D2-437D-9BE6-D4C892F10F88}.Debug|Any CPU.Build.0 = Debug|Any CPU
		{911E3FCD-05D2-437D-9BE6-D4C892F10F88}.Release|Any CPU.ActiveCfg = Release|Any CPU
		{911E3FCD-05D2-437D-9BE6-D4C892F10F88}.Release|Any CPU.Build.0 = Release|Any CPU
		{46412D2A-B222-459E-9208-66FE4A32C208}.Debug|Any CPU.ActiveCfg = Debug|Any CPU
		{46412D2A-B222-459E-9208-66FE4A32C208}.Debug|Any CPU.Build.0 = Debug|Any CPU
		{46412D2A-B222-459E-9208-66FE4A32C208}.Release|Any CPU.ActiveCfg = Release|Any CPU
		{46412D2A-B222-459E-9208-66FE4A32C208}.Release|Any CPU.Build.0 = Release|Any CPU
		{6432409C-87AB-4DEC-BE80-B56DED25522F}.Debug|Any CPU.ActiveCfg = Debug|Any CPU
		{6432409C-87AB-4DEC-BE80-B56DED25522F}.Debug|Any CPU.Build.0 = Debug|Any CPU
		{6432409C-87AB-4DEC-BE80-B56DED25522F}.Release|Any CPU.ActiveCfg = Release|Any CPU
		{6432409C-87AB-4DEC-BE80-B56DED25522F}.Release|Any CPU.Build.0 = Release|Any CPU
		{0698B17C-7761-4DEF-9415-97DB277564FD}.Debug|Any CPU.ActiveCfg = Debug|Any CPU
		{0698B17C-7761-4DEF-9415-97DB277564FD}.Debug|Any CPU.Build.0 = Debug|Any CPU
		{0698B17C-7761-4DEF-9415-97DB277564FD}.Release|Any CPU.ActiveCfg = Release|Any CPU
		{0698B17C-7761-4DEF-9415-97DB277564FD}.Release|Any CPU.Build.0 = Release|Any CPU
		{83F35451-1C15-47B1-B0DD-EEDEC8CE37C9}.Debug|Any CPU.ActiveCfg = Debug|Any CPU
		{83F35451-1C15-47B1-B0DD-EEDEC8CE37C9}.Debug|Any CPU.Build.0 = Debug|Any CPU
		{83F35451-1C15-47B1-B0DD-EEDEC8CE37C9}.Release|Any CPU.ActiveCfg = Release|Any CPU
		{83F35451-1C15-47B1-B0DD-EEDEC8CE37C9}.Release|Any CPU.Build.0 = Release|Any CPU
		{DC22F490-B5E8-4086-80C3-4FFF6064B696}.Debug|Any CPU.ActiveCfg = Debug|Any CPU
		{DC22F490-B5E8-4086-80C3-4FFF6064B696}.Debug|Any CPU.Build.0 = Debug|Any CPU
		{DC22F490-B5E8-4086-80C3-4FFF6064B696}.Release|Any CPU.ActiveCfg = Release|Any CPU
		{DC22F490-B5E8-4086-80C3-4FFF6064B696}.Release|Any CPU.Build.0 = Release|Any CPU
		{03AEB3D7-5DA8-4509-BB31-275632403C92}.Debug|Any CPU.ActiveCfg = Debug|Any CPU
		{03AEB3D7-5DA8-4509-BB31-275632403C92}.Debug|Any CPU.Build.0 = Debug|Any CPU
		{03AEB3D7-5DA8-4509-BB31-275632403C92}.Release|Any CPU.ActiveCfg = Release|Any CPU
		{03AEB3D7-5DA8-4509-BB31-275632403C92}.Release|Any CPU.Build.0 = Release|Any CPU
		{5035D01D-6075-4077-B3DF-47E8B8B4245C}.Debug|Any CPU.ActiveCfg = Debug|Any CPU
		{5035D01D-6075-4077-B3DF-47E8B8B4245C}.Debug|Any CPU.Build.0 = Debug|Any CPU
		{5035D01D-6075-4077-B3DF-47E8B8B4245C}.Release|Any CPU.ActiveCfg = Release|Any CPU
		{5035D01D-6075-4077-B3DF-47E8B8B4245C}.Release|Any CPU.Build.0 = Release|Any CPU
		{F2F00220-B6BB-4198-8DF8-8E2123D0C8AC}.Debug|Any CPU.ActiveCfg = Debug|Any CPU
		{F2F00220-B6BB-4198-8DF8-8E2123D0C8AC}.Debug|Any CPU.Build.0 = Debug|Any CPU
		{F2F00220-B6BB-4198-8DF8-8E2123D0C8AC}.Release|Any CPU.ActiveCfg = Release|Any CPU
		{F2F00220-B6BB-4198-8DF8-8E2123D0C8AC}.Release|Any CPU.Build.0 = Release|Any CPU
		{A23C28C6-F170-4E46-88CF-888BC7D0F7E3}.Debug|Any CPU.ActiveCfg = Debug|Any CPU
		{A23C28C6-F170-4E46-88CF-888BC7D0F7E3}.Debug|Any CPU.Build.0 = Debug|Any CPU
		{A23C28C6-F170-4E46-88CF-888BC7D0F7E3}.Release|Any CPU.ActiveCfg = Release|Any CPU
		{A23C28C6-F170-4E46-88CF-888BC7D0F7E3}.Release|Any CPU.Build.0 = Release|Any CPU
		{DA86CCF9-D174-4FDB-B324-8E9C05D88CEF}.Debug|Any CPU.ActiveCfg = Debug|Any CPU
		{DA86CCF9-D174-4FDB-B324-8E9C05D88CEF}.Debug|Any CPU.Build.0 = Debug|Any CPU
		{DA86CCF9-D174-4FDB-B324-8E9C05D88CEF}.Release|Any CPU.ActiveCfg = Release|Any CPU
		{DA86CCF9-D174-4FDB-B324-8E9C05D88CEF}.Release|Any CPU.Build.0 = Release|Any CPU
		{70BE75C4-AF5E-49AB-A10D-72FDC607FDE7}.Debug|Any CPU.ActiveCfg = Debug|Any CPU
		{70BE75C4-AF5E-49AB-A10D-72FDC607FDE7}.Debug|Any CPU.Build.0 = Debug|Any CPU
		{70BE75C4-AF5E-49AB-A10D-72FDC607FDE7}.Release|Any CPU.ActiveCfg = Release|Any CPU
		{70BE75C4-AF5E-49AB-A10D-72FDC607FDE7}.Release|Any CPU.Build.0 = Release|Any CPU
		{3C51A57F-E772-42C5-BCD6-033A2ACE8D30}.Debug|Any CPU.ActiveCfg = Debug|Any CPU
		{3C51A57F-E772-42C5-BCD6-033A2ACE8D30}.Debug|Any CPU.Build.0 = Debug|Any CPU
		{3C51A57F-E772-42C5-BCD6-033A2ACE8D30}.Release|Any CPU.ActiveCfg = Release|Any CPU
		{3C51A57F-E772-42C5-BCD6-033A2ACE8D30}.Release|Any CPU.Build.0 = Release|Any CPU
		{8483B4A6-8DE5-4804-AA0D-6A648A1DCFE3}.Debug|Any CPU.ActiveCfg = Debug|Any CPU
		{8483B4A6-8DE5-4804-AA0D-6A648A1DCFE3}.Debug|Any CPU.Build.0 = Debug|Any CPU
		{8483B4A6-8DE5-4804-AA0D-6A648A1DCFE3}.Release|Any CPU.ActiveCfg = Release|Any CPU
		{8483B4A6-8DE5-4804-AA0D-6A648A1DCFE3}.Release|Any CPU.Build.0 = Release|Any CPU
		{AE1E1D19-C184-4891-990A-A4B353949778}.Debug|Any CPU.ActiveCfg = Debug|Any CPU
		{AE1E1D19-C184-4891-990A-A4B353949778}.Debug|Any CPU.Build.0 = Debug|Any CPU
		{AE1E1D19-C184-4891-990A-A4B353949778}.Release|Any CPU.ActiveCfg = Release|Any CPU
		{AE1E1D19-C184-4891-990A-A4B353949778}.Release|Any CPU.Build.0 = Release|Any CPU
		{82445202-9DA4-44B1-A06E-F4B20BD32F28}.Debug|Any CPU.ActiveCfg = Debug|Any CPU
		{82445202-9DA4-44B1-A06E-F4B20BD32F28}.Debug|Any CPU.Build.0 = Debug|Any CPU
		{82445202-9DA4-44B1-A06E-F4B20BD32F28}.Release|Any CPU.ActiveCfg = Release|Any CPU
		{82445202-9DA4-44B1-A06E-F4B20BD32F28}.Release|Any CPU.Build.0 = Release|Any CPU
		{913DFEF8-31D8-4F0F-9BE5-E596AF42B29D}.Debug|Any CPU.ActiveCfg = Debug|Any CPU
		{913DFEF8-31D8-4F0F-9BE5-E596AF42B29D}.Debug|Any CPU.Build.0 = Debug|Any CPU
		{913DFEF8-31D8-4F0F-9BE5-E596AF42B29D}.Release|Any CPU.ActiveCfg = Release|Any CPU
		{913DFEF8-31D8-4F0F-9BE5-E596AF42B29D}.Release|Any CPU.Build.0 = Release|Any CPU
		{471F4AA4-616E-483D-BE7B-15BAAF371721}.Debug|Any CPU.ActiveCfg = Debug|Any CPU
		{471F4AA4-616E-483D-BE7B-15BAAF371721}.Debug|Any CPU.Build.0 = Debug|Any CPU
		{471F4AA4-616E-483D-BE7B-15BAAF371721}.Release|Any CPU.ActiveCfg = Release|Any CPU
		{471F4AA4-616E-483D-BE7B-15BAAF371721}.Release|Any CPU.Build.0 = Release|Any CPU
		{AEEA558C-58B6-420A-B4A3-586976CCFBCC}.Debug|Any CPU.ActiveCfg = Debug|Any CPU
		{AEEA558C-58B6-420A-B4A3-586976CCFBCC}.Debug|Any CPU.Build.0 = Debug|Any CPU
		{AEEA558C-58B6-420A-B4A3-586976CCFBCC}.Release|Any CPU.ActiveCfg = Release|Any CPU
		{AEEA558C-58B6-420A-B4A3-586976CCFBCC}.Release|Any CPU.Build.0 = Release|Any CPU
		{B7F2DDE9-BB1F-4BE3-8189-C31C7ECF59F7}.Debug|Any CPU.ActiveCfg = Debug|Any CPU
		{B7F2DDE9-BB1F-4BE3-8189-C31C7ECF59F7}.Debug|Any CPU.Build.0 = Debug|Any CPU
		{B7F2DDE9-BB1F-4BE3-8189-C31C7ECF59F7}.Release|Any CPU.ActiveCfg = Release|Any CPU
		{B7F2DDE9-BB1F-4BE3-8189-C31C7ECF59F7}.Release|Any CPU.Build.0 = Release|Any CPU
		{09D08C3C-8EC7-4706-9523-DE783885C4DE}.Debug|Any CPU.ActiveCfg = Debug|Any CPU
		{09D08C3C-8EC7-4706-9523-DE783885C4DE}.Debug|Any CPU.Build.0 = Debug|Any CPU
		{09D08C3C-8EC7-4706-9523-DE783885C4DE}.Release|Any CPU.ActiveCfg = Release|Any CPU
		{09D08C3C-8EC7-4706-9523-DE783885C4DE}.Release|Any CPU.Build.0 = Release|Any CPU
	EndGlobalSection
	GlobalSection(SolutionProperties) = preSolution
		HideSolutionNode = FALSE
	EndGlobalSection
	GlobalSection(ExtensibilityGlobals) = postSolution
		SolutionGuid = {BC9330E2-B20F-4D3E-B2FC-224E52DA535D}
	EndGlobalSection
EndGlobal
